
Microsoft Visual Studio Solution File, Format Version 12.00
Project("{FAE04EC0-301F-11D3-BF4B-00C04F79EFBC}") = "NCode.StringSegments", "NCode.StringSegments\NCode.StringSegments.csproj", "{4A891FD6-3802-46AF-B052-C296361FD176}"
EndProject
Project("{FAE04EC0-301F-11D3-BF4B-00C04F79EFBC}") = "NCode.StringSegments.Tests", "NCode.StringSegments.Tests\NCode.StringSegments.Tests.csproj", "{1C7F4E33-AE7B-4EBF-89DB-41260F85208E}"
EndProject
Global
	GlobalSection(SolutionConfigurationPlatforms) = preSolution
		Debug|Any CPU = Debug|Any CPU
		Release|Any CPU = Release|Any CPU
	EndGlobalSection
	GlobalSection(ProjectConfigurationPlatforms) = postSolution
		{4A891FD6-3802-46AF-B052-C296361FD176}.Debug|Any CPU.ActiveCfg = Debug|Any CPU
		{4A891FD6-3802-46AF-B052-C296361FD176}.Debug|Any CPU.Build.0 = Debug|Any CPU
		{4A891FD6-3802-46AF-B052-C296361FD176}.Release|Any CPU.ActiveCfg = Release|Any CPU
		{4A891FD6-3802-46AF-B052-C296361FD176}.Release|Any CPU.Build.0 = Release|Any CPU
		{1C7F4E33-AE7B-4EBF-89DB-41260F85208E}.Debug|Any CPU.ActiveCfg = Debug|Any CPU
		{1C7F4E33-AE7B-4EBF-89DB-41260F85208E}.Debug|Any CPU.Build.0 = Debug|Any CPU
		{1C7F4E33-AE7B-4EBF-89DB-41260F85208E}.Release|Any CPU.ActiveCfg = Release|Any CPU
		{1C7F4E33-AE7B-4EBF-89DB-41260F85208E}.Release|Any CPU.Build.0 = Release|Any CPU
	EndGlobalSection
EndGlobal
